
Microsoft Visual Studio Solution File, Format Version 12.00
# Visual Studio Version 17
VisualStudioVersion = 17.10.35122.118
MinimumVisualStudioVersion = 10.0.40219.1
Project("{FAE04EC0-301F-11D3-BF4B-00C04F79EFBC}") = "CraftCore", "CraftCore.csproj", "{638586FE-B3E9-4193-AE71-06F47FF7B003}"
EndProject
Global
	GlobalSection(SolutionConfigurationPlatforms) = preSolution
		Debug|Any CPU = Debug|Any CPU
		Release|Any CPU = Release|Any CPU
	EndGlobalSection
	GlobalSection(ProjectConfigurationPlatforms) = postSolution
		{638586FE-B3E9-4193-AE71-06F47FF7B003}.Debug|Any CPU.ActiveCfg = Debug|Any CPU
		{638586FE-B3E9-4193-AE71-06F47FF7B003}.Debug|Any CPU.Build.0 = Debug|Any CPU
		{638586FE-B3E9-4193-AE71-06F47FF7B003}.Release|Any CPU.ActiveCfg = Release|Any CPU
		{638586FE-B3E9-4193-AE71-06F47FF7B003}.Release|Any CPU.Build.0 = Release|Any CPU
	EndGlobalSection
	GlobalSection(SolutionProperties) = preSolution
		HideSolutionNode = FALSE
	EndGlobalSection
	GlobalSection(ExtensibilityGlobals) = postSolution
		SolutionGuid = {ED270539-FF5F-410E-BE72-68878691F79B}
	EndGlobalSection
EndGlobal
